// !$*UTF8*$!
{
	archiveVersion = 1;
	classes = {
	};
	objectVersion = 46;
	objects = {

/* Begin PBXBuildFile section */
		BBAB23CB13894F3D00AA2426 /* GLUT.framework in CopyFiles */ = {isa = PBXBuildFile; fileRef = BBAB23BE13894E4700AA2426 /* GLUT.framework */; };
		E4328149138ABC9F0047C5CB /* openFrameworksDebug.a in Frameworks */ = {isa = PBXBuildFile; fileRef = E4328148138ABC890047C5CB /* openFrameworksDebug.a */; };
		E45BE97B0E8CC7DD009D7055 /* AGL.framework in Frameworks */ = {isa = PBXBuildFile; fileRef = E45BE9710E8CC7DD009D7055 /* AGL.framework */; };
		E45BE97C0E8CC7DD009D7055 /* ApplicationServices.framework in Frameworks */ = {isa = PBXBuildFile; fileRef = E45BE9720E8CC7DD009D7055 /* ApplicationServices.framework */; };
		E45BE97D0E8CC7DD009D7055 /* AudioToolbox.framework in Frameworks */ = {isa = PBXBuildFile; fileRef = E45BE9730E8CC7DD009D7055 /* AudioToolbox.framework */; };
		E45BE97E0E8CC7DD009D7055 /* Carbon.framework in Frameworks */ = {isa = PBXBuildFile; fileRef = E45BE9740E8CC7DD009D7055 /* Carbon.framework */; };
		E45BE97F0E8CC7DD009D7055 /* CoreAudio.framework in Frameworks */ = {isa = PBXBuildFile; fileRef = E45BE9750E8CC7DD009D7055 /* CoreAudio.framework */; };
		E45BE9800E8CC7DD009D7055 /* CoreFoundation.framework in Frameworks */ = {isa = PBXBuildFile; fileRef = E45BE9760E8CC7DD009D7055 /* CoreFoundation.framework */; };
		E45BE9810E8CC7DD009D7055 /* CoreServices.framework in Frameworks */ = {isa = PBXBuildFile; fileRef = E45BE9770E8CC7DD009D7055 /* CoreServices.framework */; };
		E45BE9830E8CC7DD009D7055 /* OpenGL.framework in Frameworks */ = {isa = PBXBuildFile; fileRef = E45BE9790E8CC7DD009D7055 /* OpenGL.framework */; };
		E45BE9840E8CC7DD009D7055 /* QuickTime.framework in Frameworks */ = {isa = PBXBuildFile; fileRef = E45BE97A0E8CC7DD009D7055 /* QuickTime.framework */; };
		E4B69E200A3A1BDC003C02F2 /* main.cpp in Sources */ = {isa = PBXBuildFile; fileRef = E4B69E1D0A3A1BDC003C02F2 /* main.cpp */; };
		E4C2424710CC5A17004149E2 /* AppKit.framework in Frameworks */ = {isa = PBXBuildFile; fileRef = E4C2424410CC5A17004149E2 /* AppKit.framework */; };
		E4C2424810CC5A17004149E2 /* Cocoa.framework in Frameworks */ = {isa = PBXBuildFile; fileRef = E4C2424510CC5A17004149E2 /* Cocoa.framework */; };
		E4C2424910CC5A17004149E2 /* IOKit.framework in Frameworks */ = {isa = PBXBuildFile; fileRef = E4C2424610CC5A17004149E2 /* IOKit.framework */; };
		E4EB6799138ADC1D00A09F29 /* GLUT.framework in Frameworks */ = {isa = PBXBuildFile; fileRef = BBAB23BE13894E4700AA2426 /* GLUT.framework */; };
		FD26742215607A6E006323C7 /* EffectsChain.cpp in Sources */ = {isa = PBXBuildFile; fileRef = FD26740D15607A6E006323C7 /* EffectsChain.cpp */; };
		FD26742315607A6E006323C7 /* EffectsManager.cpp in Sources */ = {isa = PBXBuildFile; fileRef = FD26740F15607A6E006323C7 /* EffectsManager.cpp */; };
		FD26742415607A6E006323C7 /* CanvasGroup.cpp in Sources */ = {isa = PBXBuildFile; fileRef = FD26741415607A6E006323C7 /* CanvasGroup.cpp */; };
		FD26742515607A6E006323C7 /* CanvasGroupManager.cpp in Sources */ = {isa = PBXBuildFile; fileRef = FD26741615607A6E006323C7 /* CanvasGroupManager.cpp */; };
		FD26742615607A6E006323C7 /* CanvasLayer.cpp in Sources */ = {isa = PBXBuildFile; fileRef = FD26741915607A6E006323C7 /* CanvasLayer.cpp */; };
		FD26742715607A6E006323C7 /* CanvasLayerManager.cpp in Sources */ = {isa = PBXBuildFile; fileRef = FD26741B15607A6E006323C7 /* CanvasLayerManager.cpp */; };
		FD26742815607A6E006323C7 /* CanvasLayerTransform.cpp in Sources */ = {isa = PBXBuildFile; fileRef = FD26741D15607A6E006323C7 /* CanvasLayerTransform.cpp */; };
		FD26742915607A6E006323C7 /* CanvasRenderer.cpp in Sources */ = {isa = PBXBuildFile; fileRef = FD26742015607A6E006323C7 /* CanvasRenderer.cpp */; };
		FD26743C15609400006323C7 /* BufferManager.cpp in Sources */ = {isa = PBXBuildFile; fileRef = FD26743A15609400006323C7 /* BufferManager.cpp */; };
		FD26743F15609670006323C7 /* FrameBuffer.cpp in Sources */ = {isa = PBXBuildFile; fileRef = FD26743E15609670006323C7 /* FrameBuffer.cpp */; };
		FD3F84C5156064BC0022CE42 /* AssetManager.cpp in Sources */ = {isa = PBXBuildFile; fileRef = FD3F846C156064BC0022CE42 /* AssetManager.cpp */; };
		FD3F84C6156064BC0022CE42 /* AssetMetaData.cpp in Sources */ = {isa = PBXBuildFile; fileRef = FD3F846E156064BC0022CE42 /* AssetMetaData.cpp */; };
		FD3F84DC156064BC0022CE42 /* SessionManager.cpp in Sources */ = {isa = PBXBuildFile; fileRef = FD3F84AB156064BC0022CE42 /* SessionManager.cpp */; };
		FD3F84DD156064BC0022CE42 /* SessionPerformance.cpp in Sources */ = {isa = PBXBuildFile; fileRef = FD3F84AD156064BC0022CE42 /* SessionPerformance.cpp */; };
		FD3F84DE156064BC0022CE42 /* SessionPreset.cpp in Sources */ = {isa = PBXBuildFile; fileRef = FD3F84AF156064BC0022CE42 /* SessionPreset.cpp */; };
		FD3F84E8156064E90022CE42 /* ofxLivedrawEngine.cpp in Sources */ = {isa = PBXBuildFile; fileRef = FD3F84E7156064E90022CE42 /* ofxLivedrawEngine.cpp */; };
		FD3F84EB156065210022CE42 /* testApp.cpp in Sources */ = {isa = PBXBuildFile; fileRef = FD3F84E9156065210022CE42 /* testApp.cpp */; };
		FD3F8539156066F40022CE42 /* tinyxml.cpp in Sources */ = {isa = PBXBuildFile; fileRef = FD3F8525156066F40022CE42 /* tinyxml.cpp */; };
		FD3F853A156066F40022CE42 /* tinyxmlerror.cpp in Sources */ = {isa = PBXBuildFile; fileRef = FD3F8527156066F40022CE42 /* tinyxmlerror.cpp */; };
		FD3F853B156066F40022CE42 /* tinyxmlparser.cpp in Sources */ = {isa = PBXBuildFile; fileRef = FD3F8528156066F40022CE42 /* tinyxmlparser.cpp */; };
		FD3F853C156066F40022CE42 /* ofxXmlSettings.cpp in Sources */ = {isa = PBXBuildFile; fileRef = FD3F852A156066F40022CE42 /* ofxXmlSettings.cpp */; };
		FD480F21155F029500660A6F /* ofxIpVideoGrabber.cpp in Sources */ = {isa = PBXBuildFile; fileRef = FD480F18155F029500660A6F /* ofxIpVideoGrabber.cpp */; };
		FD8B972F156441710099B79F /* osc_match.c in Sources */ = {isa = PBXBuildFile; fileRef = FD8B9727156441710099B79F /* osc_match.c */; };
		FD8B9730156441710099B79F /* ofxOscRouter.cpp in Sources */ = {isa = PBXBuildFile; fileRef = FD8B972B156441710099B79F /* ofxOscRouter.cpp */; };
		FD8B9731156441710099B79F /* ofxOscRouterNode.cpp in Sources */ = {isa = PBXBuildFile; fileRef = FD8B972D156441710099B79F /* ofxOscRouterNode.cpp */; };
		FDA3F8811562D41200FF0E4F /* ofxVideoBuffer.cpp in Sources */ = {isa = PBXBuildFile; fileRef = FDA3F87A1562D41200FF0E4F /* ofxVideoBuffer.cpp */; };
		FDA3F8821562D41200FF0E4F /* ofxVideoBufferLoader.cpp in Sources */ = {isa = PBXBuildFile; fileRef = FDA3F87C1562D41200FF0E4F /* ofxVideoBufferLoader.cpp */; };
		FDA3F8831562D41200FF0E4F /* ofxVideoBufferPlayer.cpp in Sources */ = {isa = PBXBuildFile; fileRef = FDA3F87F1562D41200FF0E4F /* ofxVideoBufferPlayer.cpp */; };
		FDB9C44115641551005AA48E /* ofxOscBundle.cpp in Sources */ = {isa = PBXBuildFile; fileRef = FDB9C43015641551005AA48E /* ofxOscBundle.cpp */; };
		FDB9C44215641551005AA48E /* ofxOscMessage.cpp in Sources */ = {isa = PBXBuildFile; fileRef = FDB9C43215641551005AA48E /* ofxOscMessage.cpp */; };
		FDB9C44315641551005AA48E /* ofxOscReceiver.cpp in Sources */ = {isa = PBXBuildFile; fileRef = FDB9C43415641551005AA48E /* ofxOscReceiver.cpp */; };
		FDB9C44415641551005AA48E /* ofxOscSender.cpp in Sources */ = {isa = PBXBuildFile; fileRef = FDB9C43615641551005AA48E /* ofxOscSender.cpp */; };
		FDEA183B15645D3E0064F235 /* osc.a in Frameworks */ = {isa = PBXBuildFile; fileRef = FDEA183015645D3E0064F235 /* osc.a */; };
		FDEDAFF015636D1400384AE8 /* FrameBufferPlayer.cpp in Sources */ = {isa = PBXBuildFile; fileRef = FDEDAFEF15636D1400384AE8 /* FrameBufferPlayer.cpp */; };
		FDF715BD1562E9CD0057BB3C /* MediaAsset.cpp in Sources */ = {isa = PBXBuildFile; fileRef = FDF715BB1562E9CD0057BB3C /* MediaAsset.cpp */; };
/* End PBXBuildFile section */

/* Begin PBXContainerItemProxy section */
		E4328147138ABC890047C5CB /* PBXContainerItemProxy */ = {
			isa = PBXContainerItemProxy;
			containerPortal = E4328143138ABC890047C5CB /* openFrameworksLib.xcodeproj */;
			proxyType = 2;
			remoteGlobalIDString = E4B27C1510CBEB8E00536013;
			remoteInfo = openFrameworks;
		};
		E4EEB9AB138B136A00A80321 /* PBXContainerItemProxy */ = {
			isa = PBXContainerItemProxy;
			containerPortal = E4328143138ABC890047C5CB /* openFrameworksLib.xcodeproj */;
			proxyType = 1;
			remoteGlobalIDString = E4B27C1410CBEB8E00536013;
			remoteInfo = openFrameworks;
		};
/* End PBXContainerItemProxy section */

/* Begin PBXCopyFilesBuildPhase section */
		E4C2427710CC5ABF004149E2 /* CopyFiles */ = {
			isa = PBXCopyFilesBuildPhase;
			buildActionMask = 2147483647;
			dstPath = "";
			dstSubfolderSpec = 10;
			files = (
				BBAB23CB13894F3D00AA2426 /* GLUT.framework in CopyFiles */,
			);
			runOnlyForDeploymentPostprocessing = 0;
		};
/* End PBXCopyFilesBuildPhase section */

/* Begin PBXFileReference section */
		BBAB23BE13894E4700AA2426 /* GLUT.framework */ = {isa = PBXFileReference; lastKnownFileType = wrapper.framework; name = GLUT.framework; path = ../../../libs/glut/lib/osx/GLUT.framework; sourceTree = "<group>"; };
		E4328143138ABC890047C5CB /* openFrameworksLib.xcodeproj */ = {isa = PBXFileReference; lastKnownFileType = "wrapper.pb-project"; name = openFrameworksLib.xcodeproj; path = ../../../libs/openFrameworksCompiled/project/osx/openFrameworksLib.xcodeproj; sourceTree = SOURCE_ROOT; };
		E45BE9710E8CC7DD009D7055 /* AGL.framework */ = {isa = PBXFileReference; lastKnownFileType = wrapper.framework; name = AGL.framework; path = /System/Library/Frameworks/AGL.framework; sourceTree = "<absolute>"; };
		E45BE9720E8CC7DD009D7055 /* ApplicationServices.framework */ = {isa = PBXFileReference; lastKnownFileType = wrapper.framework; name = ApplicationServices.framework; path = /System/Library/Frameworks/ApplicationServices.framework; sourceTree = "<absolute>"; };
		E45BE9730E8CC7DD009D7055 /* AudioToolbox.framework */ = {isa = PBXFileReference; lastKnownFileType = wrapper.framework; name = AudioToolbox.framework; path = /System/Library/Frameworks/AudioToolbox.framework; sourceTree = "<absolute>"; };
		E45BE9740E8CC7DD009D7055 /* Carbon.framework */ = {isa = PBXFileReference; lastKnownFileType = wrapper.framework; name = Carbon.framework; path = /System/Library/Frameworks/Carbon.framework; sourceTree = "<absolute>"; };
		E45BE9750E8CC7DD009D7055 /* CoreAudio.framework */ = {isa = PBXFileReference; lastKnownFileType = wrapper.framework; name = CoreAudio.framework; path = /System/Library/Frameworks/CoreAudio.framework; sourceTree = "<absolute>"; };
		E45BE9760E8CC7DD009D7055 /* CoreFoundation.framework */ = {isa = PBXFileReference; lastKnownFileType = wrapper.framework; name = CoreFoundation.framework; path = /System/Library/Frameworks/CoreFoundation.framework; sourceTree = "<absolute>"; };
		E45BE9770E8CC7DD009D7055 /* CoreServices.framework */ = {isa = PBXFileReference; lastKnownFileType = wrapper.framework; name = CoreServices.framework; path = /System/Library/Frameworks/CoreServices.framework; sourceTree = "<absolute>"; };
		E45BE9790E8CC7DD009D7055 /* OpenGL.framework */ = {isa = PBXFileReference; lastKnownFileType = wrapper.framework; name = OpenGL.framework; path = /System/Library/Frameworks/OpenGL.framework; sourceTree = "<absolute>"; };
		E45BE97A0E8CC7DD009D7055 /* QuickTime.framework */ = {isa = PBXFileReference; lastKnownFileType = wrapper.framework; name = QuickTime.framework; path = /System/Library/Frameworks/QuickTime.framework; sourceTree = "<absolute>"; };
		E4B69B5B0A3A1756003C02F2 /* ofxLivedrawEngineExampleDebug.app */ = {isa = PBXFileReference; explicitFileType = wrapper.application; includeInIndex = 0; path = ofxLivedrawEngineExampleDebug.app; sourceTree = BUILT_PRODUCTS_DIR; };
		E4B69E1D0A3A1BDC003C02F2 /* main.cpp */ = {isa = PBXFileReference; fileEncoding = 30; lastKnownFileType = sourcecode.cpp.cpp; name = main.cpp; path = src/main.cpp; sourceTree = SOURCE_ROOT; };
		E4B6FCAD0C3E899E008CF71C /* openFrameworks-Info.plist */ = {isa = PBXFileReference; fileEncoding = 30; lastKnownFileType = text.plist.xml; path = "openFrameworks-Info.plist"; sourceTree = "<group>"; };
		E4C2424410CC5A17004149E2 /* AppKit.framework */ = {isa = PBXFileReference; lastKnownFileType = wrapper.framework; name = AppKit.framework; path = /System/Library/Frameworks/AppKit.framework; sourceTree = "<absolute>"; };
		E4C2424510CC5A17004149E2 /* Cocoa.framework */ = {isa = PBXFileReference; lastKnownFileType = wrapper.framework; name = Cocoa.framework; path = /System/Library/Frameworks/Cocoa.framework; sourceTree = "<absolute>"; };
		E4C2424610CC5A17004149E2 /* IOKit.framework */ = {isa = PBXFileReference; lastKnownFileType = wrapper.framework; name = IOKit.framework; path = /System/Library/Frameworks/IOKit.framework; sourceTree = "<absolute>"; };
		E4EB691F138AFCF100A09F29 /* CoreOF.xcconfig */ = {isa = PBXFileReference; fileEncoding = 4; lastKnownFileType = text.xcconfig; name = CoreOF.xcconfig; path = ../../../libs/openFrameworksCompiled/project/osx/CoreOF.xcconfig; sourceTree = SOURCE_ROOT; };
		E4EB6923138AFD0F00A09F29 /* Project.xcconfig */ = {isa = PBXFileReference; fileEncoding = 4; lastKnownFileType = text.xcconfig; path = Project.xcconfig; sourceTree = "<group>"; };
		FD26740C15607A6E006323C7 /* AbstractShaderEffect.h */ = {isa = PBXFileReference; fileEncoding = 4; lastKnownFileType = sourcecode.c.h; path = AbstractShaderEffect.h; sourceTree = "<group>"; };
		FD26740D15607A6E006323C7 /* EffectsChain.cpp */ = {isa = PBXFileReference; fileEncoding = 4; lastKnownFileType = sourcecode.cpp.cpp; path = EffectsChain.cpp; sourceTree = "<group>"; };
		FD26740E15607A6E006323C7 /* EffectsChain.h */ = {isa = PBXFileReference; fileEncoding = 4; lastKnownFileType = sourcecode.c.h; path = EffectsChain.h; sourceTree = "<group>"; };
		FD26740F15607A6E006323C7 /* EffectsManager.cpp */ = {isa = PBXFileReference; fileEncoding = 4; lastKnownFileType = sourcecode.cpp.cpp; path = EffectsManager.cpp; sourceTree = "<group>"; };
		FD26741015607A6E006323C7 /* EffectsManager.h */ = {isa = PBXFileReference; fileEncoding = 4; lastKnownFileType = sourcecode.c.h; path = EffectsManager.h; sourceTree = "<group>"; };
		FD26741115607A6E006323C7 /* ShaderAlphaMask.h */ = {isa = PBXFileReference; fileEncoding = 4; lastKnownFileType = sourcecode.c.h; path = ShaderAlphaMask.h; sourceTree = "<group>"; };
		FD26741215607A6E006323C7 /* ShaderCurves.h */ = {isa = PBXFileReference; fileEncoding = 4; lastKnownFileType = sourcecode.c.h; path = ShaderCurves.h; sourceTree = "<group>"; };
		FD26741415607A6E006323C7 /* CanvasGroup.cpp */ = {isa = PBXFileReference; fileEncoding = 4; lastKnownFileType = sourcecode.cpp.cpp; path = CanvasGroup.cpp; sourceTree = "<group>"; };
		FD26741515607A6E006323C7 /* CanvasGroup.h */ = {isa = PBXFileReference; fileEncoding = 4; lastKnownFileType = sourcecode.c.h; path = CanvasGroup.h; sourceTree = "<group>"; };
		FD26741615607A6E006323C7 /* CanvasGroupManager.cpp */ = {isa = PBXFileReference; fileEncoding = 4; lastKnownFileType = sourcecode.cpp.cpp; path = CanvasGroupManager.cpp; sourceTree = "<group>"; };
		FD26741715607A6E006323C7 /* CanvasGroupManager.h */ = {isa = PBXFileReference; fileEncoding = 4; lastKnownFileType = sourcecode.c.h; lineEnding = 0; path = CanvasGroupManager.h; sourceTree = "<group>"; xcLanguageSpecificationIdentifier = xcode.lang.objcpp; };
		FD26741915607A6E006323C7 /* CanvasLayer.cpp */ = {isa = PBXFileReference; fileEncoding = 4; lastKnownFileType = sourcecode.cpp.cpp; lineEnding = 0; path = CanvasLayer.cpp; sourceTree = "<group>"; xcLanguageSpecificationIdentifier = xcode.lang.cpp; };
		FD26741A15607A6E006323C7 /* CanvasLayer.h */ = {isa = PBXFileReference; fileEncoding = 4; lastKnownFileType = sourcecode.c.h; lineEnding = 0; path = CanvasLayer.h; sourceTree = "<group>"; xcLanguageSpecificationIdentifier = xcode.lang.objcpp; };
		FD26741B15607A6E006323C7 /* CanvasLayerManager.cpp */ = {isa = PBXFileReference; fileEncoding = 4; lastKnownFileType = sourcecode.cpp.cpp; path = CanvasLayerManager.cpp; sourceTree = "<group>"; };
		FD26741C15607A6E006323C7 /* CanvasLayerManager.h */ = {isa = PBXFileReference; fileEncoding = 4; lastKnownFileType = sourcecode.c.h; path = CanvasLayerManager.h; sourceTree = "<group>"; };
		FD26741D15607A6E006323C7 /* CanvasLayerTransform.cpp */ = {isa = PBXFileReference; fileEncoding = 4; lastKnownFileType = sourcecode.cpp.cpp; path = CanvasLayerTransform.cpp; sourceTree = "<group>"; };
		FD26741E15607A6E006323C7 /* CanvasLayerTransform.h */ = {isa = PBXFileReference; fileEncoding = 4; lastKnownFileType = sourcecode.c.h; path = CanvasLayerTransform.h; sourceTree = "<group>"; };
		FD26742015607A6E006323C7 /* CanvasRenderer.cpp */ = {isa = PBXFileReference; fileEncoding = 4; lastKnownFileType = sourcecode.cpp.cpp; path = CanvasRenderer.cpp; sourceTree = "<group>"; };
		FD26742115607A6E006323C7 /* CanvasRenderer.h */ = {isa = PBXFileReference; fileEncoding = 4; lastKnownFileType = sourcecode.c.h; path = CanvasRenderer.h; sourceTree = "<group>"; };
		FD26743A15609400006323C7 /* BufferManager.cpp */ = {isa = PBXFileReference; fileEncoding = 4; lastKnownFileType = sourcecode.cpp.cpp; lineEnding = 0; path = BufferManager.cpp; sourceTree = "<group>"; xcLanguageSpecificationIdentifier = xcode.lang.cpp; };
		FD26743B15609400006323C7 /* BufferManager.h */ = {isa = PBXFileReference; fileEncoding = 4; lastKnownFileType = sourcecode.c.h; lineEnding = 0; path = BufferManager.h; sourceTree = "<group>"; xcLanguageSpecificationIdentifier = xcode.lang.objcpp; };
		FD26743D15609639006323C7 /* FrameBuffer.h */ = {isa = PBXFileReference; lastKnownFileType = sourcecode.c.h; path = FrameBuffer.h; sourceTree = "<group>"; };
		FD26743E15609670006323C7 /* FrameBuffer.cpp */ = {isa = PBXFileReference; fileEncoding = 4; lastKnownFileType = sourcecode.cpp.cpp; path = FrameBuffer.cpp; sourceTree = "<group>"; };
		FD3F846C156064BC0022CE42 /* AssetManager.cpp */ = {isa = PBXFileReference; fileEncoding = 4; lastKnownFileType = sourcecode.cpp.cpp; lineEnding = 0; path = AssetManager.cpp; sourceTree = "<group>"; xcLanguageSpecificationIdentifier = xcode.lang.cpp; };
		FD3F846D156064BC0022CE42 /* AssetManager.h */ = {isa = PBXFileReference; fileEncoding = 4; lastKnownFileType = sourcecode.c.h; lineEnding = 0; path = AssetManager.h; sourceTree = "<group>"; xcLanguageSpecificationIdentifier = xcode.lang.objcpp; };
		FD3F846E156064BC0022CE42 /* AssetMetaData.cpp */ = {isa = PBXFileReference; fileEncoding = 4; lastKnownFileType = sourcecode.cpp.cpp; path = AssetMetaData.cpp; sourceTree = "<group>"; };
		FD3F846F156064BC0022CE42 /* AssetMetaData.h */ = {isa = PBXFileReference; fileEncoding = 4; lastKnownFileType = sourcecode.c.h; path = AssetMetaData.h; sourceTree = "<group>"; };
		FD3F84AB156064BC0022CE42 /* SessionManager.cpp */ = {isa = PBXFileReference; fileEncoding = 4; lastKnownFileType = sourcecode.cpp.cpp; path = SessionManager.cpp; sourceTree = "<group>"; };
		FD3F84AC156064BC0022CE42 /* SessionManager.h */ = {isa = PBXFileReference; fileEncoding = 4; lastKnownFileType = sourcecode.c.h; path = SessionManager.h; sourceTree = "<group>"; };
		FD3F84AD156064BC0022CE42 /* SessionPerformance.cpp */ = {isa = PBXFileReference; fileEncoding = 4; lastKnownFileType = sourcecode.cpp.cpp; path = SessionPerformance.cpp; sourceTree = "<group>"; };
		FD3F84AE156064BC0022CE42 /* SessionPerformance.h */ = {isa = PBXFileReference; fileEncoding = 4; lastKnownFileType = sourcecode.c.h; path = SessionPerformance.h; sourceTree = "<group>"; };
		FD3F84AF156064BC0022CE42 /* SessionPreset.cpp */ = {isa = PBXFileReference; fileEncoding = 4; lastKnownFileType = sourcecode.cpp.cpp; path = SessionPreset.cpp; sourceTree = "<group>"; };
		FD3F84B0156064BC0022CE42 /* SessionPreset.h */ = {isa = PBXFileReference; fileEncoding = 4; lastKnownFileType = sourcecode.c.h; path = SessionPreset.h; sourceTree = "<group>"; };
		FD3F84C1156064BC0022CE42 /* EnablerInterface.h */ = {isa = PBXFileReference; fileEncoding = 4; lastKnownFileType = sourcecode.c.h; path = EnablerInterface.h; sourceTree = "<group>"; };
		FD3F84C3156064BC0022CE42 /* ofxLimitedPoint.h */ = {isa = PBXFileReference; fileEncoding = 4; lastKnownFileType = sourcecode.c.h; path = ofxLimitedPoint.h; sourceTree = "<group>"; };
		FD3F84E6156064D80022CE42 /* ofxLivedrawEngine.h */ = {isa = PBXFileReference; lastKnownFileType = sourcecode.c.h; path = ofxLivedrawEngine.h; sourceTree = "<group>"; };
		FD3F84E7156064E90022CE42 /* ofxLivedrawEngine.cpp */ = {isa = PBXFileReference; fileEncoding = 4; lastKnownFileType = sourcecode.cpp.cpp; path = ofxLivedrawEngine.cpp; sourceTree = "<group>"; };
		FD3F84E9156065210022CE42 /* testApp.cpp */ = {isa = PBXFileReference; fileEncoding = 4; lastKnownFileType = sourcecode.cpp.cpp; path = testApp.cpp; sourceTree = "<group>"; };
		FD3F84EA156065210022CE42 /* testApp.h */ = {isa = PBXFileReference; fileEncoding = 4; lastKnownFileType = sourcecode.c.h; path = testApp.h; sourceTree = "<group>"; };
		FD3F84F1156066F30022CE42 /* ofxDirList.h */ = {isa = PBXFileReference; fileEncoding = 4; lastKnownFileType = sourcecode.c.h; path = ofxDirList.h; sourceTree = "<group>"; };
		FD3F8525156066F40022CE42 /* tinyxml.cpp */ = {isa = PBXFileReference; fileEncoding = 4; lastKnownFileType = sourcecode.cpp.cpp; path = tinyxml.cpp; sourceTree = "<group>"; };
		FD3F8526156066F40022CE42 /* tinyxml.h */ = {isa = PBXFileReference; fileEncoding = 4; lastKnownFileType = sourcecode.c.h; path = tinyxml.h; sourceTree = "<group>"; };
		FD3F8527156066F40022CE42 /* tinyxmlerror.cpp */ = {isa = PBXFileReference; fileEncoding = 4; lastKnownFileType = sourcecode.cpp.cpp; path = tinyxmlerror.cpp; sourceTree = "<group>"; };
		FD3F8528156066F40022CE42 /* tinyxmlparser.cpp */ = {isa = PBXFileReference; fileEncoding = 4; lastKnownFileType = sourcecode.cpp.cpp; path = tinyxmlparser.cpp; sourceTree = "<group>"; };
		FD3F852A156066F40022CE42 /* ofxXmlSettings.cpp */ = {isa = PBXFileReference; fileEncoding = 4; lastKnownFileType = sourcecode.cpp.cpp; path = ofxXmlSettings.cpp; sourceTree = "<group>"; };
		FD3F852B156066F40022CE42 /* ofxXmlSettings.h */ = {isa = PBXFileReference; fileEncoding = 4; lastKnownFileType = sourcecode.c.h; path = ofxXmlSettings.h; sourceTree = "<group>"; };
		FD480F18155F029500660A6F /* ofxIpVideoGrabber.cpp */ = {isa = PBXFileReference; fileEncoding = 4; lastKnownFileType = sourcecode.cpp.cpp; path = ofxIpVideoGrabber.cpp; sourceTree = "<group>"; };
		FD480F19155F029500660A6F /* ofxIpVideoGrabber.h */ = {isa = PBXFileReference; fileEncoding = 4; lastKnownFileType = sourcecode.c.h; path = ofxIpVideoGrabber.h; sourceTree = "<group>"; };
		FD731E4E157DB40300D7256C /* ofxSimpleSet.h */ = {isa = PBXFileReference; fileEncoding = 4; lastKnownFileType = sourcecode.c.h; path = ofxSimpleSet.h; sourceTree = "<group>"; };
		FD8B9727156441710099B79F /* osc_match.c */ = {isa = PBXFileReference; fileEncoding = 4; lastKnownFileType = sourcecode.c.c; path = osc_match.c; sourceTree = "<group>"; };
		FD8B9728156441710099B79F /* osc_match.h */ = {isa = PBXFileReference; fileEncoding = 4; lastKnownFileType = sourcecode.c.h; path = osc_match.h; sourceTree = "<group>"; };
		FD8B972B156441710099B79F /* ofxOscRouter.cpp */ = {isa = PBXFileReference; fileEncoding = 4; lastKnownFileType = sourcecode.cpp.cpp; path = ofxOscRouter.cpp; sourceTree = "<group>"; };
		FD8B972C156441710099B79F /* ofxOscRouter.h */ = {isa = PBXFileReference; fileEncoding = 4; lastKnownFileType = sourcecode.c.h; path = ofxOscRouter.h; sourceTree = "<group>"; };
		FD8B972D156441710099B79F /* ofxOscRouterNode.cpp */ = {isa = PBXFileReference; fileEncoding = 4; lastKnownFileType = sourcecode.cpp.cpp; path = ofxOscRouterNode.cpp; sourceTree = "<group>"; };
		FD8B972E156441710099B79F /* ofxOscRouterNode.h */ = {isa = PBXFileReference; fileEncoding = 4; lastKnownFileType = sourcecode.c.h; path = ofxOscRouterNode.h; sourceTree = "<group>"; };
		FDA3F87A1562D41200FF0E4F /* ofxVideoBuffer.cpp */ = {isa = PBXFileReference; fileEncoding = 4; lastKnownFileType = sourcecode.cpp.cpp; lineEnding = 0; path = ofxVideoBuffer.cpp; sourceTree = "<group>"; xcLanguageSpecificationIdentifier = xcode.lang.cpp; };
		FDA3F87B1562D41200FF0E4F /* ofxVideoBuffer.h */ = {isa = PBXFileReference; fileEncoding = 4; lastKnownFileType = sourcecode.c.h; path = ofxVideoBuffer.h; sourceTree = "<group>"; };
		FDA3F87C1562D41200FF0E4F /* ofxVideoBufferLoader.cpp */ = {isa = PBXFileReference; fileEncoding = 4; lastKnownFileType = sourcecode.cpp.cpp; path = ofxVideoBufferLoader.cpp; sourceTree = "<group>"; };
		FDA3F87D1562D41200FF0E4F /* ofxVideoBufferLoader.h */ = {isa = PBXFileReference; fileEncoding = 4; lastKnownFileType = sourcecode.c.h; path = ofxVideoBufferLoader.h; sourceTree = "<group>"; };
		FDA3F87E1562D41200FF0E4F /* ofxVideoBufferTypes.h */ = {isa = PBXFileReference; fileEncoding = 4; lastKnownFileType = sourcecode.c.h; path = ofxVideoBufferTypes.h; sourceTree = "<group>"; };
		FDA3F87F1562D41200FF0E4F /* ofxVideoBufferPlayer.cpp */ = {isa = PBXFileReference; fileEncoding = 4; lastKnownFileType = sourcecode.cpp.cpp; path = ofxVideoBufferPlayer.cpp; sourceTree = "<group>"; };
		FDA3F8801562D41200FF0E4F /* ofxVideoBufferPlayer.h */ = {isa = PBXFileReference; fileEncoding = 4; lastKnownFileType = sourcecode.c.h; path = ofxVideoBufferPlayer.h; sourceTree = "<group>"; };
		FDB9C40D15641551005AA48E /* IpEndpointName.h */ = {isa = PBXFileReference; fileEncoding = 4; lastKnownFileType = sourcecode.c.h; path = IpEndpointName.h; sourceTree = "<group>"; };
		FDB9C40E15641551005AA48E /* NetworkingUtils.h */ = {isa = PBXFileReference; fileEncoding = 4; lastKnownFileType = sourcecode.c.h; path = NetworkingUtils.h; sourceTree = "<group>"; };
		FDB9C40F15641551005AA48E /* PacketListener.h */ = {isa = PBXFileReference; fileEncoding = 4; lastKnownFileType = sourcecode.c.h; path = PacketListener.h; sourceTree = "<group>"; };
		FDB9C41015641551005AA48E /* TimerListener.h */ = {isa = PBXFileReference; fileEncoding = 4; lastKnownFileType = sourcecode.c.h; path = TimerListener.h; sourceTree = "<group>"; };
		FDB9C41115641551005AA48E /* UdpSocket.h */ = {isa = PBXFileReference; fileEncoding = 4; lastKnownFileType = sourcecode.c.h; path = UdpSocket.h; sourceTree = "<group>"; };
		FDB9C41315641551005AA48E /* MessageMappingOscPacketListener.h */ = {isa = PBXFileReference; fileEncoding = 4; lastKnownFileType = sourcecode.c.h; path = MessageMappingOscPacketListener.h; sourceTree = "<group>"; };
		FDB9C41415641551005AA48E /* OscException.h */ = {isa = PBXFileReference; fileEncoding = 4; lastKnownFileType = sourcecode.c.h; path = OscException.h; sourceTree = "<group>"; };
		FDB9C41515641551005AA48E /* OscHostEndianness.h */ = {isa = PBXFileReference; fileEncoding = 4; lastKnownFileType = sourcecode.c.h; path = OscHostEndianness.h; sourceTree = "<group>"; };
		FDB9C41615641551005AA48E /* OscOutboundPacketStream.h */ = {isa = PBXFileReference; fileEncoding = 4; lastKnownFileType = sourcecode.c.h; path = OscOutboundPacketStream.h; sourceTree = "<group>"; };
		FDB9C41715641551005AA48E /* OscPacketListener.h */ = {isa = PBXFileReference; fileEncoding = 4; lastKnownFileType = sourcecode.c.h; path = OscPacketListener.h; sourceTree = "<group>"; };
		FDB9C41815641551005AA48E /* OscPrintReceivedElements.h */ = {isa = PBXFileReference; fileEncoding = 4; lastKnownFileType = sourcecode.c.h; path = OscPrintReceivedElements.h; sourceTree = "<group>"; };
		FDB9C41915641551005AA48E /* OscReceivedElements.h */ = {isa = PBXFileReference; fileEncoding = 4; lastKnownFileType = sourcecode.c.h; path = OscReceivedElements.h; sourceTree = "<group>"; };
		FDB9C41A15641551005AA48E /* OscTypes.h */ = {isa = PBXFileReference; fileEncoding = 4; lastKnownFileType = sourcecode.c.h; path = OscTypes.h; sourceTree = "<group>"; };
		FDB9C42E15641551005AA48E /* ofxOsc.h */ = {isa = PBXFileReference; fileEncoding = 4; lastKnownFileType = sourcecode.c.h; path = ofxOsc.h; sourceTree = "<group>"; };
		FDB9C42F15641551005AA48E /* ofxOscArg.h */ = {isa = PBXFileReference; fileEncoding = 4; lastKnownFileType = sourcecode.c.h; path = ofxOscArg.h; sourceTree = "<group>"; };
		FDB9C43015641551005AA48E /* ofxOscBundle.cpp */ = {isa = PBXFileReference; fileEncoding = 4; lastKnownFileType = sourcecode.cpp.cpp; path = ofxOscBundle.cpp; sourceTree = "<group>"; };
		FDB9C43115641551005AA48E /* ofxOscBundle.h */ = {isa = PBXFileReference; fileEncoding = 4; lastKnownFileType = sourcecode.c.h; path = ofxOscBundle.h; sourceTree = "<group>"; };
		FDB9C43215641551005AA48E /* ofxOscMessage.cpp */ = {isa = PBXFileReference; fileEncoding = 4; lastKnownFileType = sourcecode.cpp.cpp; path = ofxOscMessage.cpp; sourceTree = "<group>"; };
		FDB9C43315641551005AA48E /* ofxOscMessage.h */ = {isa = PBXFileReference; fileEncoding = 4; lastKnownFileType = sourcecode.c.h; path = ofxOscMessage.h; sourceTree = "<group>"; };
		FDB9C43415641551005AA48E /* ofxOscReceiver.cpp */ = {isa = PBXFileReference; fileEncoding = 4; lastKnownFileType = sourcecode.cpp.cpp; path = ofxOscReceiver.cpp; sourceTree = "<group>"; };
		FDB9C43515641551005AA48E /* ofxOscReceiver.h */ = {isa = PBXFileReference; fileEncoding = 4; lastKnownFileType = sourcecode.c.h; path = ofxOscReceiver.h; sourceTree = "<group>"; };
		FDB9C43615641551005AA48E /* ofxOscSender.cpp */ = {isa = PBXFileReference; fileEncoding = 4; lastKnownFileType = sourcecode.cpp.cpp; path = ofxOscSender.cpp; sourceTree = "<group>"; };
		FDB9C43715641551005AA48E /* ofxOscSender.h */ = {isa = PBXFileReference; fileEncoding = 4; lastKnownFileType = sourcecode.c.h; path = ofxOscSender.h; sourceTree = "<group>"; };
		FDEA183015645D3E0064F235 /* osc.a */ = {isa = PBXFileReference; lastKnownFileType = archive.ar; path = osc.a; sourceTree = "<group>"; };
		FDEDAFEE15636C6700384AE8 /* FrameBufferPlayer.h */ = {isa = PBXFileReference; lastKnownFileType = sourcecode.c.h; path = FrameBufferPlayer.h; sourceTree = "<group>"; };
		FDEDAFEF15636D1400384AE8 /* FrameBufferPlayer.cpp */ = {isa = PBXFileReference; fileEncoding = 4; lastKnownFileType = sourcecode.cpp.cpp; path = FrameBufferPlayer.cpp; sourceTree = "<group>"; };
		FDF715BB1562E9CD0057BB3C /* MediaAsset.cpp */ = {isa = PBXFileReference; fileEncoding = 4; lastKnownFileType = sourcecode.cpp.cpp; path = MediaAsset.cpp; sourceTree = "<group>"; };
		FDF715BC1562E9CD0057BB3C /* MediaAsset.h */ = {isa = PBXFileReference; fileEncoding = 4; lastKnownFileType = sourcecode.c.h; path = MediaAsset.h; sourceTree = "<group>"; };
/* End PBXFileReference section */

/* Begin PBXFrameworksBuildPhase section */
		E4B69B590A3A1756003C02F2 /* Frameworks */ = {
			isa = PBXFrameworksBuildPhase;
			buildActionMask = 2147483647;
			files = (
				E4EB6799138ADC1D00A09F29 /* GLUT.framework in Frameworks */,
				E4328149138ABC9F0047C5CB /* openFrameworksDebug.a in Frameworks */,
				E45BE97B0E8CC7DD009D7055 /* AGL.framework in Frameworks */,
				E45BE97C0E8CC7DD009D7055 /* ApplicationServices.framework in Frameworks */,
				E45BE97D0E8CC7DD009D7055 /* AudioToolbox.framework in Frameworks */,
				E45BE97E0E8CC7DD009D7055 /* Carbon.framework in Frameworks */,
				E45BE97F0E8CC7DD009D7055 /* CoreAudio.framework in Frameworks */,
				E45BE9800E8CC7DD009D7055 /* CoreFoundation.framework in Frameworks */,
				E45BE9810E8CC7DD009D7055 /* CoreServices.framework in Frameworks */,
				E45BE9830E8CC7DD009D7055 /* OpenGL.framework in Frameworks */,
				E45BE9840E8CC7DD009D7055 /* QuickTime.framework in Frameworks */,
				E4C2424710CC5A17004149E2 /* AppKit.framework in Frameworks */,
				E4C2424810CC5A17004149E2 /* Cocoa.framework in Frameworks */,
				E4C2424910CC5A17004149E2 /* IOKit.framework in Frameworks */,
				FDEA183B15645D3E0064F235 /* osc.a in Frameworks */,
			);
			runOnlyForDeploymentPostprocessing = 0;
		};
/* End PBXFrameworksBuildPhase section */

/* Begin PBXGroup section */
		BB4B014C10F69532006C3DED /* addons */ = {
			isa = PBXGroup;
			children = (
				FDB9C40715641551005AA48E /* ofxOsc */,
				FD8B9722156441700099B79F /* ofxOscRouter */,
				FD3F84EC156066F30022CE42 /* ofxDirList */,
				FD3F8523156066F40022CE42 /* ofxXmlSettings */,
				FD480F25155F029D00660A6F /* ofxVideoBuffer */,
				FD480F04155F029500660A6F /* ofxIpVideoGrabber */,
				FD3F8468156064A20022CE42 /* ofxLivedrawEngine */,
			);
			name = addons;
			sourceTree = "<group>";
		};
		BBAB23C913894ECA00AA2426 /* system frameworks */ = {
			isa = PBXGroup;
			children = (
				E4C2424410CC5A17004149E2 /* AppKit.framework */,
				E4C2424510CC5A17004149E2 /* Cocoa.framework */,
				E4C2424610CC5A17004149E2 /* IOKit.framework */,
				E45BE9710E8CC7DD009D7055 /* AGL.framework */,
				E45BE9720E8CC7DD009D7055 /* ApplicationServices.framework */,
				E45BE9730E8CC7DD009D7055 /* AudioToolbox.framework */,
				E45BE9740E8CC7DD009D7055 /* Carbon.framework */,
				E45BE9750E8CC7DD009D7055 /* CoreAudio.framework */,
				E45BE9760E8CC7DD009D7055 /* CoreFoundation.framework */,
				E45BE9770E8CC7DD009D7055 /* CoreServices.framework */,
				E45BE9790E8CC7DD009D7055 /* OpenGL.framework */,
				E45BE97A0E8CC7DD009D7055 /* QuickTime.framework */,
			);
			name = "system frameworks";
			sourceTree = "<group>";
		};
		BBAB23CA13894EDB00AA2426 /* 3rd party frameworks */ = {
			isa = PBXGroup;
			children = (
				BBAB23BE13894E4700AA2426 /* GLUT.framework */,
			);
			name = "3rd party frameworks";
			sourceTree = "<group>";
		};
		E4328144138ABC890047C5CB /* Products */ = {
			isa = PBXGroup;
			children = (
				E4328148138ABC890047C5CB /* openFrameworksDebug.a */,
			);
			name = Products;
			sourceTree = "<group>";
		};
		E45BE5980E8CC70C009D7055 /* frameworks */ = {
			isa = PBXGroup;
			children = (
				BBAB23CA13894EDB00AA2426 /* 3rd party frameworks */,
				BBAB23C913894ECA00AA2426 /* system frameworks */,
			);
			name = frameworks;
			sourceTree = "<group>";
		};
		E4B69B4A0A3A1720003C02F2 = {
			isa = PBXGroup;
			children = (
				E4B6FCAD0C3E899E008CF71C /* openFrameworks-Info.plist */,
				E4EB6923138AFD0F00A09F29 /* Project.xcconfig */,
				E4B69E1C0A3A1BDC003C02F2 /* src */,
				E4EEC9E9138DF44700A80321 /* openFrameworks */,
				BB4B014C10F69532006C3DED /* addons */,
				E45BE5980E8CC70C009D7055 /* frameworks */,
				E4B69B5B0A3A1756003C02F2 /* ofxLivedrawEngineExampleDebug.app */,
			);
			sourceTree = "<group>";
		};
		E4B69E1C0A3A1BDC003C02F2 /* src */ = {
			isa = PBXGroup;
			children = (
				E4B69E1D0A3A1BDC003C02F2 /* main.cpp */,
				FD3F84E9156065210022CE42 /* testApp.cpp */,
				FD3F84EA156065210022CE42 /* testApp.h */,
			);
			path = src;
			sourceTree = SOURCE_ROOT;
		};
		E4EEC9E9138DF44700A80321 /* openFrameworks */ = {
			isa = PBXGroup;
			children = (
				E4EB691F138AFCF100A09F29 /* CoreOF.xcconfig */,
				E4328143138ABC890047C5CB /* openFrameworksLib.xcodeproj */,
			);
			name = openFrameworks;
			sourceTree = "<group>";
		};
		FD2673FA156067DE006323C7 /* src */ = {
			isa = PBXGroup;
			children = (
				FDA3F87A1562D41200FF0E4F /* ofxVideoBuffer.cpp */,
				FDA3F87B1562D41200FF0E4F /* ofxVideoBuffer.h */,
				FDA3F87C1562D41200FF0E4F /* ofxVideoBufferLoader.cpp */,
				FDA3F87D1562D41200FF0E4F /* ofxVideoBufferLoader.h */,
				FDA3F87E1562D41200FF0E4F /* ofxVideoBufferTypes.h */,
				FDA3F87F1562D41200FF0E4F /* ofxVideoBufferPlayer.cpp */,
				FDA3F8801562D41200FF0E4F /* ofxVideoBufferPlayer.h */,
			);
			name = src;
			path = ../../ofxVideoBuffer/src;
			sourceTree = "<group>";
		};
		FD26740A15607A6D006323C7 /* canvas */ = {
			isa = PBXGroup;
			children = (
				FD26740B15607A6E006323C7 /* effects */,
				FD26741315607A6E006323C7 /* group */,
				FD26741815607A6E006323C7 /* layers */,
				FD26741F15607A6E006323C7 /* render */,
			);
			path = canvas;
			sourceTree = "<group>";
		};
		FD26740B15607A6E006323C7 /* effects */ = {
			isa = PBXGroup;
			children = (
				FD26740C15607A6E006323C7 /* AbstractShaderEffect.h */,
				FD26740D15607A6E006323C7 /* EffectsChain.cpp */,
				FD26740E15607A6E006323C7 /* EffectsChain.h */,
				FD26740F15607A6E006323C7 /* EffectsManager.cpp */,
				FD26741015607A6E006323C7 /* EffectsManager.h */,
				FD26741115607A6E006323C7 /* ShaderAlphaMask.h */,
				FD26741215607A6E006323C7 /* ShaderCurves.h */,
			);
			path = effects;
			sourceTree = "<group>";
		};
		FD26741315607A6E006323C7 /* group */ = {
			isa = PBXGroup;
			children = (
				FD26741415607A6E006323C7 /* CanvasGroup.cpp */,
				FD26741515607A6E006323C7 /* CanvasGroup.h */,
				FD26741615607A6E006323C7 /* CanvasGroupManager.cpp */,
				FD26741715607A6E006323C7 /* CanvasGroupManager.h */,
			);
			path = group;
			sourceTree = "<group>";
		};
		FD26741815607A6E006323C7 /* layers */ = {
			isa = PBXGroup;
			children = (
				FD26741915607A6E006323C7 /* CanvasLayer.cpp */,
				FD26741A15607A6E006323C7 /* CanvasLayer.h */,
				FD26741B15607A6E006323C7 /* CanvasLayerManager.cpp */,
				FD26741C15607A6E006323C7 /* CanvasLayerManager.h */,
				FD26741D15607A6E006323C7 /* CanvasLayerTransform.cpp */,
				FD26741E15607A6E006323C7 /* CanvasLayerTransform.h */,
			);
			path = layers;
			sourceTree = "<group>";
		};
		FD26741F15607A6E006323C7 /* render */ = {
			isa = PBXGroup;
			children = (
				FD26742015607A6E006323C7 /* CanvasRenderer.cpp */,
				FD26742115607A6E006323C7 /* CanvasRenderer.h */,
			);
			path = render;
			sourceTree = "<group>";
		};
		FD267439156093FD006323C7 /* buffers */ = {
			isa = PBXGroup;
			children = (
				FD26743A15609400006323C7 /* BufferManager.cpp */,
				FD26743B15609400006323C7 /* BufferManager.h */,
				FD26743D15609639006323C7 /* FrameBuffer.h */,
				FD26743E15609670006323C7 /* FrameBuffer.cpp */,
			);
			path = buffers;
			sourceTree = "<group>";
		};
		FD3F8468156064A20022CE42 /* ofxLivedrawEngine */ = {
			isa = PBXGroup;
			children = (
				FD3F846A156064BC0022CE42 /* src */,
			);
			name = ofxLivedrawEngine;
			sourceTree = "<group>";
		};
		FD3F846A156064BC0022CE42 /* src */ = {
			isa = PBXGroup;
			children = (
				FDEDAFED15636C4100384AE8 /* player */,
				FD267439156093FD006323C7 /* buffers */,
				FD26740A15607A6D006323C7 /* canvas */,
				FD3F846B156064BC0022CE42 /* assets */,
				FD3F84AA156064BC0022CE42 /* sessions */,
				FD3F84C0156064BC0022CE42 /* utilities */,
				FD3F84E6156064D80022CE42 /* ofxLivedrawEngine.h */,
				FD3F84E7156064E90022CE42 /* ofxLivedrawEngine.cpp */,
			);
			name = src;
			path = ../src;
			sourceTree = "<group>";
		};
		FD3F846B156064BC0022CE42 /* assets */ = {
			isa = PBXGroup;
			children = (
				FD3F846C156064BC0022CE42 /* AssetManager.cpp */,
				FD3F846D156064BC0022CE42 /* AssetManager.h */,
				FD3F846E156064BC0022CE42 /* AssetMetaData.cpp */,
				FD3F846F156064BC0022CE42 /* AssetMetaData.h */,
				FDF715BB1562E9CD0057BB3C /* MediaAsset.cpp */,
				FDF715BC1562E9CD0057BB3C /* MediaAsset.h */,
			);
			path = assets;
			sourceTree = "<group>";
		};
		FD3F84AA156064BC0022CE42 /* sessions */ = {
			isa = PBXGroup;
			children = (
				FD3F84AB156064BC0022CE42 /* SessionManager.cpp */,
				FD3F84AC156064BC0022CE42 /* SessionManager.h */,
				FD3F84AD156064BC0022CE42 /* SessionPerformance.cpp */,
				FD3F84AE156064BC0022CE42 /* SessionPerformance.h */,
				FD3F84AF156064BC0022CE42 /* SessionPreset.cpp */,
				FD3F84B0156064BC0022CE42 /* SessionPreset.h */,
			);
			path = sessions;
			sourceTree = "<group>";
		};
		FD3F84C0156064BC0022CE42 /* utilities */ = {
			isa = PBXGroup;
			children = (
				FD3F84C1156064BC0022CE42 /* EnablerInterface.h */,
				FD3F84C3156064BC0022CE42 /* ofxLimitedPoint.h */,
				FD731E4E157DB40300D7256C /* ofxSimpleSet.h */,
			);
			path = utilities;
			sourceTree = "<group>";
		};
		FD3F84EC156066F30022CE42 /* ofxDirList */ = {
			isa = PBXGroup;
			children = (
				FD3F84F0156066F30022CE42 /* src */,
			);
			name = ofxDirList;
			path = ../../../addons/ofxDirList;
			sourceTree = "<group>";
		};
		FD3F84F0156066F30022CE42 /* src */ = {
			isa = PBXGroup;
			children = (
				FD3F84F1156066F30022CE42 /* ofxDirList.h */,
			);
			path = src;
			sourceTree = "<group>";
		};
		FD3F8523156066F40022CE42 /* ofxXmlSettings */ = {
			isa = PBXGroup;
			children = (
				FD3F8524156066F40022CE42 /* libs */,
				FD3F8529156066F40022CE42 /* src */,
			);
			name = ofxXmlSettings;
			path = ../../../addons/ofxXmlSettings;
			sourceTree = "<group>";
		};
		FD3F8524156066F40022CE42 /* libs */ = {
			isa = PBXGroup;
			children = (
				FD3F8525156066F40022CE42 /* tinyxml.cpp */,
				FD3F8526156066F40022CE42 /* tinyxml.h */,
				FD3F8527156066F40022CE42 /* tinyxmlerror.cpp */,
				FD3F8528156066F40022CE42 /* tinyxmlparser.cpp */,
			);
			path = libs;
			sourceTree = "<group>";
		};
		FD3F8529156066F40022CE42 /* src */ = {
			isa = PBXGroup;
			children = (
				FD3F852A156066F40022CE42 /* ofxXmlSettings.cpp */,
				FD3F852B156066F40022CE42 /* ofxXmlSettings.h */,
			);
			path = src;
			sourceTree = "<group>";
		};
		FD480F04155F029500660A6F /* ofxIpVideoGrabber */ = {
			isa = PBXGroup;
			children = (
				FD480F17155F029500660A6F /* src */,
			);
			name = ofxIpVideoGrabber;
			path = ../../ofxIpVideoGrabber;
			sourceTree = "<group>";
		};
		FD480F17155F029500660A6F /* src */ = {
			isa = PBXGroup;
			children = (
				FD480F18155F029500660A6F /* ofxIpVideoGrabber.cpp */,
				FD480F19155F029500660A6F /* ofxIpVideoGrabber.h */,
			);
			path = src;
			sourceTree = "<group>";
		};
		FD480F25155F029D00660A6F /* ofxVideoBuffer */ = {
			isa = PBXGroup;
			children = (
				FD2673FA156067DE006323C7 /* src */,
			);
			name = ofxVideoBuffer;
			sourceTree = "<group>";
		};
		FD8B9722156441700099B79F /* ofxOscRouter */ = {
			isa = PBXGroup;
			children = (
				FD8B9724156441710099B79F /* lib */,
				FD8B972A156441710099B79F /* src */,
			);
			name = ofxOscRouter;
			path = ../../ofxOscRouter;
			sourceTree = "<group>";
		};
		FD8B9724156441710099B79F /* lib */ = {
			isa = PBXGroup;
			children = (
				FD8B9725156441710099B79F /* osc_match */,
			);
			path = lib;
			sourceTree = "<group>";
		};
		FD8B9725156441710099B79F /* osc_match */ = {
			isa = PBXGroup;
			children = (
				FD8B9726156441710099B79F /* src */,
			);
			path = osc_match;
			sourceTree = "<group>";
		};
		FD8B9726156441710099B79F /* src */ = {
			isa = PBXGroup;
			children = (
				FD8B9727156441710099B79F /* osc_match.c */,
				FD8B9728156441710099B79F /* osc_match.h */,
			);
			path = src;
			sourceTree = "<group>";
		};
		FD8B972A156441710099B79F /* src */ = {
			isa = PBXGroup;
			children = (
				FD8B972B156441710099B79F /* ofxOscRouter.cpp */,
				FD8B972C156441710099B79F /* ofxOscRouter.h */,
				FD8B972D156441710099B79F /* ofxOscRouterNode.cpp */,
				FD8B972E156441710099B79F /* ofxOscRouterNode.h */,
			);
			path = src;
			sourceTree = "<group>";
		};
		FDB9C40715641551005AA48E /* ofxOsc */ = {
			isa = PBXGroup;
			children = (
				FDB9C40915641551005AA48E /* libs */,
				FDB9C42D15641551005AA48E /* src */,
			);
			name = ofxOsc;
			path = ../addons/ofxOsc;
			sourceTree = "<group>";
		};
		FDB9C40915641551005AA48E /* libs */ = {
			isa = PBXGroup;
			children = (
				FDB9C40A15641551005AA48E /* oscpack */,
			);
			path = libs;
			sourceTree = "<group>";
		};
		FDB9C40A15641551005AA48E /* oscpack */ = {
			isa = PBXGroup;
			children = (
				FDEA182415645D3E0064F235 /* lib */,
				FDB9C40B15641551005AA48E /* include */,
			);
			path = oscpack;
			sourceTree = "<group>";
		};
		FDB9C40B15641551005AA48E /* include */ = {
			isa = PBXGroup;
			children = (
				FDB9C40C15641551005AA48E /* ip */,
				FDB9C41215641551005AA48E /* osc */,
			);
			path = include;
			sourceTree = "<group>";
		};
		FDB9C40C15641551005AA48E /* ip */ = {
			isa = PBXGroup;
			children = (
				FDB9C40D15641551005AA48E /* IpEndpointName.h */,
				FDB9C40E15641551005AA48E /* NetworkingUtils.h */,
				FDB9C40F15641551005AA48E /* PacketListener.h */,
				FDB9C41015641551005AA48E /* TimerListener.h */,
				FDB9C41115641551005AA48E /* UdpSocket.h */,
			);
			path = ip;
			sourceTree = "<group>";
		};
		FDB9C41215641551005AA48E /* osc */ = {
			isa = PBXGroup;
			children = (
				FDB9C41315641551005AA48E /* MessageMappingOscPacketListener.h */,
				FDB9C41415641551005AA48E /* OscException.h */,
				FDB9C41515641551005AA48E /* OscHostEndianness.h */,
				FDB9C41615641551005AA48E /* OscOutboundPacketStream.h */,
				FDB9C41715641551005AA48E /* OscPacketListener.h */,
				FDB9C41815641551005AA48E /* OscPrintReceivedElements.h */,
				FDB9C41915641551005AA48E /* OscReceivedElements.h */,
				FDB9C41A15641551005AA48E /* OscTypes.h */,
			);
			path = osc;
			sourceTree = "<group>";
		};
		FDB9C42D15641551005AA48E /* src */ = {
			isa = PBXGroup;
			children = (
				FDB9C42E15641551005AA48E /* ofxOsc.h */,
				FDB9C42F15641551005AA48E /* ofxOscArg.h */,
				FDB9C43015641551005AA48E /* ofxOscBundle.cpp */,
				FDB9C43115641551005AA48E /* ofxOscBundle.h */,
				FDB9C43215641551005AA48E /* ofxOscMessage.cpp */,
				FDB9C43315641551005AA48E /* ofxOscMessage.h */,
				FDB9C43415641551005AA48E /* ofxOscReceiver.cpp */,
				FDB9C43515641551005AA48E /* ofxOscReceiver.h */,
				FDB9C43615641551005AA48E /* ofxOscSender.cpp */,
				FDB9C43715641551005AA48E /* ofxOscSender.h */,
			);
			path = src;
			sourceTree = "<group>";
		};
		FDEA182415645D3E0064F235 /* lib */ = {
			isa = PBXGroup;
			children = (
				FDEA182F15645D3E0064F235 /* osx */,
			);
			path = lib;
			sourceTree = "<group>";
		};
		FDEA182F15645D3E0064F235 /* osx */ = {
			isa = PBXGroup;
			children = (
				FDEA183015645D3E0064F235 /* osc.a */,
			);
			path = osx;
			sourceTree = "<group>";
		};
		FDEDAFED15636C4100384AE8 /* player */ = {
			isa = PBXGroup;
			children = (
				FDEDAFEE15636C6700384AE8 /* FrameBufferPlayer.h */,
				FDEDAFEF15636D1400384AE8 /* FrameBufferPlayer.cpp */,
			);
			path = player;
			sourceTree = "<group>";
		};
/* End PBXGroup section */

/* Begin PBXNativeTarget section */
		E4B69B5A0A3A1756003C02F2 /* ofxLivedrawEngineExample */ = {
			isa = PBXNativeTarget;
			buildConfigurationList = E4B69B5F0A3A1757003C02F2 /* Build configuration list for PBXNativeTarget "ofxLivedrawEngineExample" */;
			buildPhases = (
				E4B69B580A3A1756003C02F2 /* Sources */,
				E4B69B590A3A1756003C02F2 /* Frameworks */,
				E4B6FFFD0C3F9AB9008CF71C /* ShellScript */,
				E4C2427710CC5ABF004149E2 /* CopyFiles */,
			);
			buildRules = (
			);
			dependencies = (
				E4EEB9AC138B136A00A80321 /* PBXTargetDependency */,
			);
			name = ofxLivedrawEngineExample;
			productName = myOFApp;
			productReference = E4B69B5B0A3A1756003C02F2 /* ofxLivedrawEngineExampleDebug.app */;
			productType = "com.apple.product-type.application";
		};
/* End PBXNativeTarget section */

/* Begin PBXProject section */
		E4B69B4C0A3A1720003C02F2 /* Project object */ = {
			isa = PBXProject;
			attributes = {
				LastUpgradeCheck = 0430;
			};
			buildConfigurationList = E4B69B4D0A3A1720003C02F2 /* Build configuration list for PBXProject "ofxLivedrawEngineExample" */;
			compatibilityVersion = "Xcode 3.2";
			developmentRegion = English;
			hasScannedForEncodings = 0;
			knownRegions = (
				English,
				Japanese,
				French,
				German,
			);
			mainGroup = E4B69B4A0A3A1720003C02F2;
			productRefGroup = E4B69B4A0A3A1720003C02F2;
			projectDirPath = "";
			projectReferences = (
				{
					ProductGroup = E4328144138ABC890047C5CB /* Products */;
					ProjectRef = E4328143138ABC890047C5CB /* openFrameworksLib.xcodeproj */;
				},
			);
			projectRoot = "";
			targets = (
				E4B69B5A0A3A1756003C02F2 /* ofxLivedrawEngineExample */,
			);
		};
/* End PBXProject section */

/* Begin PBXReferenceProxy section */
		E4328148138ABC890047C5CB /* openFrameworksDebug.a */ = {
			isa = PBXReferenceProxy;
			fileType = archive.ar;
			path = openFrameworksDebug.a;
			remoteRef = E4328147138ABC890047C5CB /* PBXContainerItemProxy */;
			sourceTree = BUILT_PRODUCTS_DIR;
		};
/* End PBXReferenceProxy section */

/* Begin PBXShellScriptBuildPhase section */
		E4B6FFFD0C3F9AB9008CF71C /* ShellScript */ = {
			isa = PBXShellScriptBuildPhase;
			buildActionMask = 2147483647;
			files = (
			);
			inputPaths = (
			);
			outputPaths = (
			);
			runOnlyForDeploymentPostprocessing = 0;
			shellPath = /bin/sh;
			shellScript = "cp -f ../../../libs/fmodex/lib/osx/libfmodex.dylib \"$TARGET_BUILD_DIR/$PRODUCT_NAME.app/Contents/MacOS/libfmodex.dylib\"; install_name_tool -change ./libfmodex.dylib @executable_path/libfmodex.dylib \"$TARGET_BUILD_DIR/$PRODUCT_NAME.app/Contents/MacOS/$PRODUCT_NAME\";";
		};
/* End PBXShellScriptBuildPhase section */

/* Begin PBXSourcesBuildPhase section */
		E4B69B580A3A1756003C02F2 /* Sources */ = {
			isa = PBXSourcesBuildPhase;
			buildActionMask = 2147483647;
			files = (
				E4B69E200A3A1BDC003C02F2 /* main.cpp in Sources */,
				FD480F21155F029500660A6F /* ofxIpVideoGrabber.cpp in Sources */,
				FD3F84C5156064BC0022CE42 /* AssetManager.cpp in Sources */,
				FD3F84C6156064BC0022CE42 /* AssetMetaData.cpp in Sources */,
				FD3F84DC156064BC0022CE42 /* SessionManager.cpp in Sources */,
				FD3F84DD156064BC0022CE42 /* SessionPerformance.cpp in Sources */,
				FD3F84DE156064BC0022CE42 /* SessionPreset.cpp in Sources */,
				FD3F84E8156064E90022CE42 /* ofxLivedrawEngine.cpp in Sources */,
				FD3F84EB156065210022CE42 /* testApp.cpp in Sources */,
				FD3F8539156066F40022CE42 /* tinyxml.cpp in Sources */,
				FD3F853A156066F40022CE42 /* tinyxmlerror.cpp in Sources */,
				FD3F853B156066F40022CE42 /* tinyxmlparser.cpp in Sources */,
				FD3F853C156066F40022CE42 /* ofxXmlSettings.cpp in Sources */,
				FD26742215607A6E006323C7 /* EffectsChain.cpp in Sources */,
				FD26742315607A6E006323C7 /* EffectsManager.cpp in Sources */,
				FD26742415607A6E006323C7 /* CanvasGroup.cpp in Sources */,
				FD26742515607A6E006323C7 /* CanvasGroupManager.cpp in Sources */,
				FD26742615607A6E006323C7 /* CanvasLayer.cpp in Sources */,
				FD26742715607A6E006323C7 /* CanvasLayerManager.cpp in Sources */,
				FD26742815607A6E006323C7 /* CanvasLayerTransform.cpp in Sources */,
				FD26742915607A6E006323C7 /* CanvasRenderer.cpp in Sources */,
				FD26743C15609400006323C7 /* BufferManager.cpp in Sources */,
				FD26743F15609670006323C7 /* FrameBuffer.cpp in Sources */,
				FDA3F8811562D41200FF0E4F /* ofxVideoBuffer.cpp in Sources */,
				FDA3F8821562D41200FF0E4F /* ofxVideoBufferLoader.cpp in Sources */,
				FDA3F8831562D41200FF0E4F /* ofxVideoBufferPlayer.cpp in Sources */,
				FDF715BD1562E9CD0057BB3C /* MediaAsset.cpp in Sources */,
				FDEDAFF015636D1400384AE8 /* FrameBufferPlayer.cpp in Sources */,
				FDB9C44115641551005AA48E /* ofxOscBundle.cpp in Sources */,
				FDB9C44215641551005AA48E /* ofxOscMessage.cpp in Sources */,
				FDB9C44315641551005AA48E /* ofxOscReceiver.cpp in Sources */,
				FDB9C44415641551005AA48E /* ofxOscSender.cpp in Sources */,
				FD8B972F156441710099B79F /* osc_match.c in Sources */,
				FD8B9730156441710099B79F /* ofxOscRouter.cpp in Sources */,
				FD8B9731156441710099B79F /* ofxOscRouterNode.cpp in Sources */,
			);
			runOnlyForDeploymentPostprocessing = 0;
		};
/* End PBXSourcesBuildPhase section */

/* Begin PBXTargetDependency section */
		E4EEB9AC138B136A00A80321 /* PBXTargetDependency */ = {
			isa = PBXTargetDependency;
			name = openFrameworks;
			targetProxy = E4EEB9AB138B136A00A80321 /* PBXContainerItemProxy */;
		};
/* End PBXTargetDependency section */

/* Begin XCBuildConfiguration section */
		E4B69B4E0A3A1720003C02F2 /* Debug */ = {
			isa = XCBuildConfiguration;
			baseConfigurationReference = E4EB6923138AFD0F00A09F29 /* Project.xcconfig */;
			buildSettings = {
				ARCHS = "$(NATIVE_ARCH)";
				CONFIGURATION_BUILD_DIR = "$(SRCROOT)/bin/";
				COPY_PHASE_STRIP = NO;
				DEAD_CODE_STRIPPING = YES;
				GCC_AUTO_VECTORIZATION = YES;
				GCC_ENABLE_SSE3_EXTENSIONS = YES;
				GCC_ENABLE_SUPPLEMENTAL_SSE3_INSTRUCTIONS = YES;
				GCC_INLINES_ARE_PRIVATE_EXTERN = NO;
				GCC_MODEL_TUNING = G5;
				GCC_SYMBOLS_PRIVATE_EXTERN = NO;
				GCC_WARN_ABOUT_DEPRECATED_FUNCTIONS = NO;
				GCC_WARN_ABOUT_INVALID_OFFSETOF_MACRO = NO;
				GCC_WARN_ALLOW_INCOMPLETE_PROTOCOL = NO;
				GCC_WARN_UNINITIALIZED_AUTOS = NO;
				GCC_WARN_UNUSED_VALUE = NO;
				GCC_WARN_UNUSED_VARIABLE = NO;
				OTHER_CPLUSPLUSFLAGS = (
					"-D__MACOSX_CORE__",
					"-lpthread",
				);
			};
			name = Debug;
		};
		E4B69B4F0A3A1720003C02F2 /* Release */ = {
			isa = XCBuildConfiguration;
			baseConfigurationReference = E4EB6923138AFD0F00A09F29 /* Project.xcconfig */;
			buildSettings = {
				ARCHS = "$(NATIVE_ARCH)";
				CONFIGURATION_BUILD_DIR = "$(SRCROOT)/bin/";
				COPY_PHASE_STRIP = YES;
				DEAD_CODE_STRIPPING = YES;
				GCC_AUTO_VECTORIZATION = YES;
				GCC_ENABLE_SSE3_EXTENSIONS = YES;
				GCC_ENABLE_SUPPLEMENTAL_SSE3_INSTRUCTIONS = YES;
				GCC_INLINES_ARE_PRIVATE_EXTERN = NO;
				GCC_MODEL_TUNING = G5;
				GCC_OPTIMIZATION_LEVEL = 3;
				GCC_SYMBOLS_PRIVATE_EXTERN = NO;
				GCC_UNROLL_LOOPS = YES;
				GCC_WARN_ABOUT_DEPRECATED_FUNCTIONS = NO;
				GCC_WARN_ABOUT_INVALID_OFFSETOF_MACRO = NO;
				GCC_WARN_ALLOW_INCOMPLETE_PROTOCOL = NO;
				GCC_WARN_UNINITIALIZED_AUTOS = NO;
				GCC_WARN_UNUSED_VALUE = NO;
				GCC_WARN_UNUSED_VARIABLE = NO;
				OTHER_CPLUSPLUSFLAGS = (
					"-D__MACOSX_CORE__",
					"-lpthread",
				);
			};
			name = Release;
		};
		E4B69B600A3A1757003C02F2 /* Debug */ = {
			isa = XCBuildConfiguration;
			buildSettings = {
				COPY_PHASE_STRIP = NO;
				FRAMEWORK_SEARCH_PATHS = (
					"$(inherited)",
					"$(FRAMEWORK_SEARCH_PATHS_QUOTED_FOR_TARGET_1)",
				);
				FRAMEWORK_SEARCH_PATHS_QUOTED_FOR_TARGET_1 = "\"$(SRCROOT)/../../../libs/glut/lib/osx\"";
				GCC_DYNAMIC_NO_PIC = NO;
				GCC_ENABLE_FIX_AND_CONTINUE = YES;
				GCC_GENERATE_DEBUGGING_SYMBOLS = YES;
				GCC_MODEL_TUNING = G4;
				GCC_PRECOMPILE_PREFIX_HEADER = YES;
				GCC_PREFIX_HEADER = "$(SYSTEM_LIBRARY_DIR)/Frameworks/Carbon.framework/Headers/Carbon.h";
				INFOPLIST_FILE = "openFrameworks-Info.plist";
				INSTALL_PATH = "$(HOME)/Applications";
				LIBRARY_SEARCH_PATHS = "";
				PREBINDING = NO;
				PRODUCT_NAME = "$(TARGET_NAME)Debug";
				WRAPPER_EXTENSION = app;
			};
			name = Debug;
		};
		E4B69B610A3A1757003C02F2 /* Release */ = {
			isa = XCBuildConfiguration;
			buildSettings = {
				COPY_PHASE_STRIP = YES;
				FRAMEWORK_SEARCH_PATHS = (
					"$(inherited)",
					"$(FRAMEWORK_SEARCH_PATHS_QUOTED_FOR_TARGET_1)",
				);
				FRAMEWORK_SEARCH_PATHS_QUOTED_FOR_TARGET_1 = "\"$(SRCROOT)/../../../libs/glut/lib/osx\"";
				GCC_ENABLE_FIX_AND_CONTINUE = NO;
				GCC_GENERATE_DEBUGGING_SYMBOLS = NO;
				GCC_MODEL_TUNING = G4;
				GCC_PRECOMPILE_PREFIX_HEADER = YES;
				GCC_PREFIX_HEADER = "$(SYSTEM_LIBRARY_DIR)/Frameworks/Carbon.framework/Headers/Carbon.h";
				INFOPLIST_FILE = "openFrameworks-Info.plist";
				INSTALL_PATH = "$(HOME)/Applications";
				LIBRARY_SEARCH_PATHS = "";
				PREBINDING = NO;
				PRODUCT_NAME = "$(TARGET_NAME)";
				WRAPPER_EXTENSION = app;
			};
			name = Release;
		};
/* End XCBuildConfiguration section */

/* Begin XCConfigurationList section */
		E4B69B4D0A3A1720003C02F2 /* Build configuration list for PBXProject "ofxLivedrawEngineExample" */ = {
			isa = XCConfigurationList;
			buildConfigurations = (
				E4B69B4E0A3A1720003C02F2 /* Debug */,
				E4B69B4F0A3A1720003C02F2 /* Release */,
			);
			defaultConfigurationIsVisible = 0;
			defaultConfigurationName = Release;
		};
		E4B69B5F0A3A1757003C02F2 /* Build configuration list for PBXNativeTarget "ofxLivedrawEngineExample" */ = {
			isa = XCConfigurationList;
			buildConfigurations = (
				E4B69B600A3A1757003C02F2 /* Debug */,
				E4B69B610A3A1757003C02F2 /* Release */,
			);
			defaultConfigurationIsVisible = 0;
			defaultConfigurationName = Release;
		};
/* End XCConfigurationList section */
	};
	rootObject = E4B69B4C0A3A1720003C02F2 /* Project object */;
}
